// !$*UTF8*$!
{
	archiveVersion = 1;
	classes = {
	};
	objectVersion = 77;
	objects = {

/* Begin PBXBuildFile section */
		17345DA22F1E319C00C8AC56 /* WidgetKit.framework in Frameworks */ = {isa = PBXBuildFile; fileRef = 17345DA12F1E319C00C8AC56 /* WidgetKit.framework */; };
		17345DA42F1E319C00C8AC56 /* SwiftUI.framework in Frameworks */ = {isa = PBXBuildFile; fileRef = 17345DA32F1E319C00C8AC56 /* SwiftUI.framework */; };
		17345DB52F1E319D00C8AC56 /* GlasscastWidgetExtension.appex in Embed Foundation Extensions */ = {isa = PBXBuildFile; fileRef = 17345D9F2F1E319C00C8AC56 /* GlasscastWidgetExtension.appex */; settings = {ATTRIBUTES = (RemoveHeadersOnCopy, ); }; };
		17A6255D2F1DF7CA0026A053 /* Auth in Frameworks */ = {isa = PBXBuildFile; productRef = 17A6255C2F1DF7CA0026A053 /* Auth */; };
		17A6255F2F1DF7CA0026A053 /* Functions in Frameworks */ = {isa = PBXBuildFile; productRef = 17A6255E2F1DF7CA0026A053 /* Functions */; };
		17A625612F1DF7CA0026A053 /* PostgREST in Frameworks */ = {isa = PBXBuildFile; productRef = 17A625602F1DF7CA0026A053 /* PostgREST */; };
		17A625632F1DF7CA0026A053 /* Realtime in Frameworks */ = {isa = PBXBuildFile; productRef = 17A625622F1DF7CA0026A053 /* Realtime */; };
		17A625652F1DF7CA0026A053 /* Storage in Frameworks */ = {isa = PBXBuildFile; productRef = 17A625642F1DF7CA0026A053 /* Storage */; };
		17A625672F1DF7CA0026A053 /* Supabase in Frameworks */ = {isa = PBXBuildFile; productRef = 17A625662F1DF7CA0026A053 /* Supabase */; };
/* End PBXBuildFile section */

/* Begin PBXContainerItemProxy section */
		17345DB32F1E319D00C8AC56 /* PBXContainerItemProxy */ = {
			isa = PBXContainerItemProxy;
			containerPortal = 17A625092F1DF3420026A053 /* Project object */;
			proxyType = 1;
			remoteGlobalIDString = 17345D9E2F1E319C00C8AC56;
			remoteInfo = GlasscastWidgetExtension;
		};
		17A6251F2F1DF3440026A053 /* PBXContainerItemProxy */ = {
			isa = PBXContainerItemProxy;
			containerPortal = 17A625092F1DF3420026A053 /* Project object */;
			proxyType = 1;
			remoteGlobalIDString = 17A625102F1DF3420026A053;
			remoteInfo = "Glasscast - A Minimal Weather App";
		};
		17A625292F1DF3440026A053 /* PBXContainerItemProxy */ = {
			isa = PBXContainerItemProxy;
			containerPortal = 17A625092F1DF3420026A053 /* Project object */;
			proxyType = 1;
			remoteGlobalIDString = 17A625102F1DF3420026A053;
			remoteInfo = "Glasscast - A Minimal Weather App";
		};
/* End PBXContainerItemProxy section */

/* Begin PBXCopyFilesBuildPhase section */
		17345DBA2F1E319D00C8AC56 /* Embed Foundation Extensions */ = {
			isa = PBXCopyFilesBuildPhase;
			buildActionMask = 2147483647;
			dstPath = "";
			dstSubfolderSpec = 13;
			files = (
				17345DB52F1E319D00C8AC56 /* GlasscastWidgetExtension.appex in Embed Foundation Extensions */,
			);
			name = "Embed Foundation Extensions";
			runOnlyForDeploymentPostprocessing = 0;
		};
/* End PBXCopyFilesBuildPhase section */

/* Begin PBXFileReference section */
		17345D9F2F1E319C00C8AC56 /* GlasscastWidgetExtension.appex */ = {isa = PBXFileReference; explicitFileType = "wrapper.app-extension"; includeInIndex = 0; path = GlasscastWidgetExtension.appex; sourceTree = BUILT_PRODUCTS_DIR; };
		17345DA12F1E319C00C8AC56 /* WidgetKit.framework */ = {isa = PBXFileReference; lastKnownFileType = wrapper.framework; name = WidgetKit.framework; path = System/Library/Frameworks/WidgetKit.framework; sourceTree = SDKROOT; };
		17345DA32F1E319C00C8AC56 /* SwiftUI.framework */ = {isa = PBXFileReference; lastKnownFileType = wrapper.framework; name = SwiftUI.framework; path = System/Library/Frameworks/SwiftUI.framework; sourceTree = SDKROOT; };
		17345DBB2F1E31D900C8AC56 /* GlasscastWidgetExtension.entitlements */ = {isa = PBXFileReference; lastKnownFileType = text.plist.entitlements; path = GlasscastWidgetExtension.entitlements; sourceTree = "<group>"; };
		17A625112F1DF3420026A053 /* Glasscast - A Minimal Weather App.app */ = {isa = PBXFileReference; explicitFileType = wrapper.application; includeInIndex = 0; path = "Glasscast - A Minimal Weather App.app"; sourceTree = BUILT_PRODUCTS_DIR; };
		17A6251E2F1DF3440026A053 /* Glasscast - A Minimal Weather AppTests.xctest */ = {isa = PBXFileReference; explicitFileType = wrapper.cfbundle; includeInIndex = 0; path = "Glasscast - A Minimal Weather AppTests.xctest"; sourceTree = BUILT_PRODUCTS_DIR; };
		17A625282F1DF3440026A053 /* Glasscast - A Minimal Weather AppUITests.xctest */ = {isa = PBXFileReference; explicitFileType = wrapper.cfbundle; includeInIndex = 0; path = "Glasscast - A Minimal Weather AppUITests.xctest"; sourceTree = BUILT_PRODUCTS_DIR; };
/* End PBXFileReference section */

/* Begin PBXFileSystemSynchronizedBuildFileExceptionSet section */
		17345DB62F1E319D00C8AC56 /* Exceptions for "GlasscastWidget" folder in "GlasscastWidgetExtension" target */ = {
			isa = PBXFileSystemSynchronizedBuildFileExceptionSet;
			membershipExceptions = (
				Info.plist,
			);
			target = 17345D9E2F1E319C00C8AC56 /* GlasscastWidgetExtension */;
		};
/* End PBXFileSystemSynchronizedBuildFileExceptionSet section */

/* Begin PBXFileSystemSynchronizedRootGroup section */
		17345DA52F1E319C00C8AC56 /* GlasscastWidget */ = {
			isa = PBXFileSystemSynchronizedRootGroup;
			exceptions = (
				17345DB62F1E319D00C8AC56 /* Exceptions for "GlasscastWidget" folder in "GlasscastWidgetExtension" target */,
			);
			path = GlasscastWidget;
			sourceTree = "<group>";
		};
		17A625132F1DF3420026A053 /* Glasscast - A Minimal Weather App */ = {
			isa = PBXFileSystemSynchronizedRootGroup;
			path = "Glasscast - A Minimal Weather App";
			sourceTree = "<group>";
		};
		17A625212F1DF3440026A053 /* Glasscast - A Minimal Weather AppTests */ = {
			isa = PBXFileSystemSynchronizedRootGroup;
			path = "Glasscast - A Minimal Weather AppTests";
			sourceTree = "<group>";
		};
		17A6252B2F1DF3440026A053 /* Glasscast - A Minimal Weather AppUITests */ = {
			isa = PBXFileSystemSynchronizedRootGroup;
			path = "Glasscast - A Minimal Weather AppUITests";
			sourceTree = "<group>";
		};
/* End PBXFileSystemSynchronizedRootGroup section */

/* Begin PBXFrameworksBuildPhase section */
		17345D9C2F1E319C00C8AC56 /* Frameworks */ = {
			isa = PBXFrameworksBuildPhase;
			buildActionMask = 2147483647;
			files = (
				17345DA42F1E319C00C8AC56 /* SwiftUI.framework in Frameworks */,
				17345DA22F1E319C00C8AC56 /* WidgetKit.framework in Frameworks */,
			);
			runOnlyForDeploymentPostprocessing = 0;
		};
		17A6250E2F1DF3420026A053 /* Frameworks */ = {
			isa = PBXFrameworksBuildPhase;
			buildActionMask = 2147483647;
			files = (
				17A625612F1DF7CA0026A053 /* PostgREST in Frameworks */,
				17A6255F2F1DF7CA0026A053 /* Functions in Frameworks */,
				17A625672F1DF7CA0026A053 /* Supabase in Frameworks */,
				17A6255D2F1DF7CA0026A053 /* Auth in Frameworks */,
				17A625652F1DF7CA0026A053 /* Storage in Frameworks */,
				17A625632F1DF7CA0026A053 /* Realtime in Frameworks */,
			);
			runOnlyForDeploymentPostprocessing = 0;
		};
		17A6251B2F1DF3440026A053 /* Frameworks */ = {
			isa = PBXFrameworksBuildPhase;
			buildActionMask = 2147483647;
			files = (
			);
			runOnlyForDeploymentPostprocessing = 0;
		};
		17A625252F1DF3440026A053 /* Frameworks */ = {
			isa = PBXFrameworksBuildPhase;
			buildActionMask = 2147483647;
			files = (
			);
			runOnlyForDeploymentPostprocessing = 0;
		};
/* End PBXFrameworksBuildPhase section */

/* Begin PBXGroup section */
		17345DA02F1E319C00C8AC56 /* Frameworks */ = {
			isa = PBXGroup;
			children = (
				17345DA12F1E319C00C8AC56 /* WidgetKit.framework */,
				17345DA32F1E319C00C8AC56 /* SwiftUI.framework */,
			);
			name = Frameworks;
			sourceTree = "<group>";
		};
		17A625082F1DF3420026A053 = {
			isa = PBXGroup;
			children = (
				17345DBB2F1E31D900C8AC56 /* GlasscastWidgetExtension.entitlements */,
				17A625132F1DF3420026A053 /* Glasscast - A Minimal Weather App */,
				17A625212F1DF3440026A053 /* Glasscast - A Minimal Weather AppTests */,
				17A6252B2F1DF3440026A053 /* Glasscast - A Minimal Weather AppUITests */,
				17345DA52F1E319C00C8AC56 /* GlasscastWidget */,
				17345DA02F1E319C00C8AC56 /* Frameworks */,
				17A625122F1DF3420026A053 /* Products */,
			);
			sourceTree = "<group>";
		};
		17A625122F1DF3420026A053 /* Products */ = {
			isa = PBXGroup;
			children = (
				17A625112F1DF3420026A053 /* Glasscast - A Minimal Weather App.app */,
				17A6251E2F1DF3440026A053 /* Glasscast - A Minimal Weather AppTests.xctest */,
				17A625282F1DF3440026A053 /* Glasscast - A Minimal Weather AppUITests.xctest */,
				17345D9F2F1E319C00C8AC56 /* GlasscastWidgetExtension.appex */,
			);
			name = Products;
			sourceTree = "<group>";
		};
/* End PBXGroup section */

/* Begin PBXNativeTarget section */
		17345D9E2F1E319C00C8AC56 /* GlasscastWidgetExtension */ = {
			isa = PBXNativeTarget;
			buildConfigurationList = 17345DB72F1E319D00C8AC56 /* Build configuration list for PBXNativeTarget "GlasscastWidgetExtension" */;
			buildPhases = (
				17345D9B2F1E319C00C8AC56 /* Sources */,
				17345D9C2F1E319C00C8AC56 /* Frameworks */,
				17345D9D2F1E319C00C8AC56 /* Resources */,
			);
			buildRules = (
			);
			dependencies = (
			);
			fileSystemSynchronizedGroups = (
				17345DA52F1E319C00C8AC56 /* GlasscastWidget */,
			);
			name = GlasscastWidgetExtension;
			packageProductDependencies = (
			);
			productName = GlasscastWidgetExtension;
			productReference = 17345D9F2F1E319C00C8AC56 /* GlasscastWidgetExtension.appex */;
			productType = "com.apple.product-type.app-extension";
		};
		17A625102F1DF3420026A053 /* Glasscast - A Minimal Weather App */ = {
			isa = PBXNativeTarget;
			buildConfigurationList = 17A625322F1DF3440026A053 /* Build configuration list for PBXNativeTarget "Glasscast - A Minimal Weather App" */;
			buildPhases = (
				17A6250D2F1DF3420026A053 /* Sources */,
				17A6250E2F1DF3420026A053 /* Frameworks */,
				17A6250F2F1DF3420026A053 /* Resources */,
				17345DBA2F1E319D00C8AC56 /* Embed Foundation Extensions */,
			);
			buildRules = (
			);
			dependencies = (
				17345DB42F1E319D00C8AC56 /* PBXTargetDependency */,
			);
			fileSystemSynchronizedGroups = (
				17A625132F1DF3420026A053 /* Glasscast - A Minimal Weather App */,
			);
			name = "Glasscast - A Minimal Weather App";
			packageProductDependencies = (
				17A6255C2F1DF7CA0026A053 /* Auth */,
				17A6255E2F1DF7CA0026A053 /* Functions */,
				17A625602F1DF7CA0026A053 /* PostgREST */,
				17A625622F1DF7CA0026A053 /* Realtime */,
				17A625642F1DF7CA0026A053 /* Storage */,
				17A625662F1DF7CA0026A053 /* Supabase */,
			);
			productName = "Glasscast - A Minimal Weather App";
			productReference = 17A625112F1DF3420026A053 /* Glasscast - A Minimal Weather App.app */;
			productType = "com.apple.product-type.application";
		};
		17A6251D2F1DF3440026A053 /* Glasscast - A Minimal Weather AppTests */ = {
			isa = PBXNativeTarget;
			buildConfigurationList = 17A625352F1DF3440026A053 /* Build configuration list for PBXNativeTarget "Glasscast - A Minimal Weather AppTests" */;
			buildPhases = (
				17A6251A2F1DF3440026A053 /* Sources */,
				17A6251B2F1DF3440026A053 /* Frameworks */,
				17A6251C2F1DF3440026A053 /* Resources */,
			);
			buildRules = (
			);
			dependencies = (
				17A625202F1DF3440026A053 /* PBXTargetDependency */,
			);
			fileSystemSynchronizedGroups = (
				17A625212F1DF3440026A053 /* Glasscast - A Minimal Weather AppTests */,
			);
			name = "Glasscast - A Minimal Weather AppTests";
			packageProductDependencies = (
			);
			productName = "Glasscast - A Minimal Weather AppTests";
			productReference = 17A6251E2F1DF3440026A053 /* Glasscast - A Minimal Weather AppTests.xctest */;
			productType = "com.apple.product-type.bundle.unit-test";
		};
		17A625272F1DF3440026A053 /* Glasscast - A Minimal Weather AppUITests */ = {
			isa = PBXNativeTarget;
			buildConfigurationList = 17A625382F1DF3440026A053 /* Build configuration list for PBXNativeTarget "Glasscast - A Minimal Weather AppUITests" */;
			buildPhases = (
				17A625242F1DF3440026A053 /* Sources */,
				17A625252F1DF3440026A053 /* Frameworks */,
				17A625262F1DF3440026A053 /* Resources */,
			);
			buildRules = (
			);
			dependencies = (
				17A6252A2F1DF3440026A053 /* PBXTargetDependency */,
			);
			fileSystemSynchronizedGroups = (
				17A6252B2F1DF3440026A053 /* Glasscast - A Minimal Weather AppUITests */,
			);
			name = "Glasscast - A Minimal Weather AppUITests";
			packageProductDependencies = (
			);
			productName = "Glasscast - A Minimal Weather AppUITests";
			productReference = 17A625282F1DF3440026A053 /* Glasscast - A Minimal Weather AppUITests.xctest */;
			productType = "com.apple.product-type.bundle.ui-testing";
		};
/* End PBXNativeTarget section */

/* Begin PBXProject section */
		17A625092F1DF3420026A053 /* Project object */ = {
			isa = PBXProject;
			attributes = {
				BuildIndependentTargetsInParallel = 1;
				LastSwiftUpdateCheck = 2620;
				LastUpgradeCheck = 2620;
				TargetAttributes = {
					17345D9E2F1E319C00C8AC56 = {
						CreatedOnToolsVersion = 26.2;
					};
					17A625102F1DF3420026A053 = {
						CreatedOnToolsVersion = 26.2;
					};
					17A6251D2F1DF3440026A053 = {
						CreatedOnToolsVersion = 26.2;
						TestTargetID = 17A625102F1DF3420026A053;
					};
					17A625272F1DF3440026A053 = {
						CreatedOnToolsVersion = 26.2;
						TestTargetID = 17A625102F1DF3420026A053;
					};
				};
			};
			buildConfigurationList = 17A6250C2F1DF3420026A053 /* Build configuration list for PBXProject "Glasscast - A Minimal Weather App" */;
			developmentRegion = en;
			hasScannedForEncodings = 0;
			knownRegions = (
				en,
				Base,
			);
			mainGroup = 17A625082F1DF3420026A053;
			minimizedProjectReferenceProxies = 1;
			packageReferences = (
				17A6255B2F1DF7CA0026A053 /* XCRemoteSwiftPackageReference "supabase-swift" */,
			);
			preferredProjectObjectVersion = 77;
			productRefGroup = 17A625122F1DF3420026A053 /* Products */;
			projectDirPath = "";
			projectRoot = "";
			targets = (
				17A625102F1DF3420026A053 /* Glasscast - A Minimal Weather App */,
				17A6251D2F1DF3440026A053 /* Glasscast - A Minimal Weather AppTests */,
				17A625272F1DF3440026A053 /* Glasscast - A Minimal Weather AppUITests */,
				17345D9E2F1E319C00C8AC56 /* GlasscastWidgetExtension */,
			);
		};
/* End PBXProject section */

/* Begin PBXResourcesBuildPhase section */
		17345D9D2F1E319C00C8AC56 /* Resources */ = {
			isa = PBXResourcesBuildPhase;
			buildActionMask = 2147483647;
			files = (
			);
			runOnlyForDeploymentPostprocessing = 0;
		};
		17A6250F2F1DF3420026A053 /* Resources */ = {
			isa = PBXResourcesBuildPhase;
			buildActionMask = 2147483647;
			files = (
			);
			runOnlyForDeploymentPostprocessing = 0;
		};
		17A6251C2F1DF3440026A053 /* Resources */ = {
			isa = PBXResourcesBuildPhase;
			buildActionMask = 2147483647;
			files = (
			);
			runOnlyForDeploymentPostprocessing = 0;
		};
		17A625262F1DF3440026A053 /* Resources */ = {
			isa = PBXResourcesBuildPhase;
			buildActionMask = 2147483647;
			files = (
			);
			runOnlyForDeploymentPostprocessing = 0;
		};
/* End PBXResourcesBuildPhase section */

/* Begin PBXSourcesBuildPhase section */
		17345D9B2F1E319C00C8AC56 /* Sources */ = {
			isa = PBXSourcesBuildPhase;
			buildActionMask = 2147483647;
			files = (
			);
			runOnlyForDeploymentPostprocessing = 0;
		};
		17A6250D2F1DF3420026A053 /* Sources */ = {
			isa = PBXSourcesBuildPhase;
			buildActionMask = 2147483647;
			files = (
			);
			runOnlyForDeploymentPostprocessing = 0;
		};
		17A6251A2F1DF3440026A053 /* Sources */ = {
			isa = PBXSourcesBuildPhase;
			buildActionMask = 2147483647;
			files = (
			);
			runOnlyForDeploymentPostprocessing = 0;
		};
		17A625242F1DF3440026A053 /* Sources */ = {
			isa = PBXSourcesBuildPhase;
			buildActionMask = 2147483647;
			files = (
			);
			runOnlyForDeploymentPostprocessing = 0;
		};
/* End PBXSourcesBuildPhase section */

/* Begin PBXTargetDependency section */
		17345DB42F1E319D00C8AC56 /* PBXTargetDependency */ = {
			isa = PBXTargetDependency;
			target = 17345D9E2F1E319C00C8AC56 /* GlasscastWidgetExtension */;
			targetProxy = 17345DB32F1E319D00C8AC56 /* PBXContainerItemProxy */;
		};
		17A625202F1DF3440026A053 /* PBXTargetDependency */ = {
			isa = PBXTargetDependency;
			target = 17A625102F1DF3420026A053 /* Glasscast - A Minimal Weather App */;
			targetProxy = 17A6251F2F1DF3440026A053 /* PBXContainerItemProxy */;
		};
		17A6252A2F1DF3440026A053 /* PBXTargetDependency */ = {
			isa = PBXTargetDependency;
			target = 17A625102F1DF3420026A053 /* Glasscast - A Minimal Weather App */;
			targetProxy = 17A625292F1DF3440026A053 /* PBXContainerItemProxy */;
		};
/* End PBXTargetDependency section */

/* Begin XCBuildConfiguration section */
		17345DB82F1E319D00C8AC56 /* Debug */ = {
			isa = XCBuildConfiguration;
			buildSettings = {
				ASSETCATALOG_COMPILER_GLOBAL_ACCENT_COLOR_NAME = AccentColor;
				ASSETCATALOG_COMPILER_WIDGET_BACKGROUND_COLOR_NAME = WidgetBackground;
				CODE_SIGN_ENTITLEMENTS = GlasscastWidgetExtension.entitlements;
				CODE_SIGN_IDENTITY = "Apple Development";
				CODE_SIGN_STYLE = Automatic;
				CURRENT_PROJECT_VERSION = 1;
				DEVELOPMENT_TEAM = "";
				GENERATE_INFOPLIST_FILE = YES;
				INFOPLIST_FILE = GlasscastWidget/Info.plist;
				INFOPLIST_KEY_CFBundleDisplayName = GlasscastWidget;
				INFOPLIST_KEY_NSHumanReadableCopyright = "";
				LD_RUNPATH_SEARCH_PATHS = (
					"$(inherited)",
					"@executable_path/Frameworks",
					"@executable_path/../../Frameworks",
				);
				MARKETING_VERSION = 1.0;
				PRODUCT_BUNDLE_IDENTIFIER = com.Glasscast.GlasscastWidget;
				PRODUCT_NAME = "$(TARGET_NAME)";
				PROVISIONING_PROFILE_SPECIFIER = "";
				SKIP_INSTALL = YES;
				STRING_CATALOG_GENERATE_SYMBOLS = YES;
				SWIFT_APPROACHABLE_CONCURRENCY = YES;
				SWIFT_EMIT_LOC_STRINGS = YES;
				SWIFT_UPCOMING_FEATURE_MEMBER_IMPORT_VISIBILITY = YES;
				SWIFT_VERSION = 5.0;
				TARGETED_DEVICE_FAMILY = "1,2";
			};
			name = Debug;
		};
		17345DB92F1E319D00C8AC56 /* Release */ = {
			isa = XCBuildConfiguration;
			buildSettings = {
				ASSETCATALOG_COMPILER_GLOBAL_ACCENT_COLOR_NAME = AccentColor;
				ASSETCATALOG_COMPILER_WIDGET_BACKGROUND_COLOR_NAME = WidgetBackground;
				CODE_SIGN_ENTITLEMENTS = GlasscastWidgetExtension.entitlements;
				CODE_SIGN_IDENTITY = "Apple Development";
				CODE_SIGN_STYLE = Automatic;
				CURRENT_PROJECT_VERSION = 1;
				DEVELOPMENT_TEAM = "";
				GENERATE_INFOPLIST_FILE = YES;
				INFOPLIST_FILE = GlasscastWidget/Info.plist;
				INFOPLIST_KEY_CFBundleDisplayName = GlasscastWidget;
				INFOPLIST_KEY_NSHumanReadableCopyright = "";
				LD_RUNPATH_SEARCH_PATHS = (
					"$(inherited)",
					"@executable_path/Frameworks",
					"@executable_path/../../Frameworks",
				);
				MARKETING_VERSION = 1.0;
				PRODUCT_BUNDLE_IDENTIFIER = com.Glasscast.GlasscastWidget;
				PRODUCT_NAME = "$(TARGET_NAME)";
				PROVISIONING_PROFILE_SPECIFIER = "";
				SKIP_INSTALL = YES;
				STRING_CATALOG_GENERATE_SYMBOLS = YES;
				SWIFT_APPROACHABLE_CONCURRENCY = YES;
				SWIFT_EMIT_LOC_STRINGS = YES;
				SWIFT_UPCOMING_FEATURE_MEMBER_IMPORT_VISIBILITY = YES;
				SWIFT_VERSION = 5.0;
				TARGETED_DEVICE_FAMILY = "1,2";
			};
			name = Release;
		};
		17A625302F1DF3440026A053 /* Debug */ = {
			isa = XCBuildConfiguration;
			buildSettings = {
				ALWAYS_SEARCH_USER_PATHS = NO;
				ASSETCATALOG_COMPILER_GENERATE_SWIFT_ASSET_SYMBOL_EXTENSIONS = YES;
				CLANG_ANALYZER_NONNULL = YES;
				CLANG_ANALYZER_NUMBER_OBJECT_CONVERSION = YES_AGGRESSIVE;
				CLANG_CXX_LANGUAGE_STANDARD = "gnu++20";
				CLANG_ENABLE_MODULES = YES;
				CLANG_ENABLE_OBJC_ARC = YES;
				CLANG_ENABLE_OBJC_WEAK = YES;
				CLANG_WARN_BLOCK_CAPTURE_AUTORELEASING = YES;
				CLANG_WARN_BOOL_CONVERSION = YES;
				CLANG_WARN_COMMA = YES;
				CLANG_WARN_CONSTANT_CONVERSION = YES;
				CLANG_WARN_DEPRECATED_OBJC_IMPLEMENTATIONS = YES;
				CLANG_WARN_DIRECT_OBJC_ISA_USAGE = YES_ERROR;
				CLANG_WARN_DOCUMENTATION_COMMENTS = YES;
				CLANG_WARN_EMPTY_BODY = YES;
				CLANG_WARN_ENUM_CONVERSION = YES;
				CLANG_WARN_INFINITE_RECURSION = YES;
				CLANG_WARN_INT_CONVERSION = YES;
				CLANG_WARN_NON_LITERAL_NULL_CONVERSION = YES;
				CLANG_WARN_OBJC_IMPLICIT_RETAIN_SELF = YES;
				CLANG_WARN_OBJC_LITERAL_CONVERSION = YES;
				CLANG_WARN_OBJC_ROOT_CLASS = YES_ERROR;
				CLANG_WARN_QUOTED_INCLUDE_IN_FRAMEWORK_HEADER = YES;
				CLANG_WARN_RANGE_LOOP_ANALYSIS = YES;
				CLANG_WARN_STRICT_PROTOTYPES = YES;
				CLANG_WARN_SUSPICIOUS_MOVE = YES;
				CLANG_WARN_UNGUARDED_AVAILABILITY = YES_AGGRESSIVE;
				CLANG_WARN_UNREACHABLE_CODE = YES;
				CLANG_WARN__DUPLICATE_METHOD_MATCH = YES;
				COPY_PHASE_STRIP = NO;
				DEBUG_INFORMATION_FORMAT = dwarf;
				ENABLE_STRICT_OBJC_MSGSEND = YES;
				ENABLE_TESTABILITY = YES;
				ENABLE_USER_SCRIPT_SANDBOXING = YES;
				GCC_C_LANGUAGE_STANDARD = gnu17;
				GCC_DYNAMIC_NO_PIC = NO;
				GCC_NO_COMMON_BLOCKS = YES;
				GCC_OPTIMIZATION_LEVEL = 0;
				GCC_PREPROCESSOR_DEFINITIONS = (
					"DEBUG=1",
					"$(inherited)",
				);
				GCC_WARN_64_TO_32_BIT_CONVERSION = YES;
				GCC_WARN_ABOUT_RETURN_TYPE = YES_ERROR;
				GCC_WARN_UNDECLARED_SELECTOR = YES;
				GCC_WARN_UNINITIALIZED_AUTOS = YES_AGGRESSIVE;
				GCC_WARN_UNUSED_FUNCTION = YES;
				GCC_WARN_UNUSED_VARIABLE = YES;
				IPHONEOS_DEPLOYMENT_TARGET = 26.2;
				LOCALIZATION_PREFERS_STRING_CATALOGS = YES;
				MTL_ENABLE_DEBUG_INFO = INCLUDE_SOURCE;
				MTL_FAST_MATH = YES;
				ONLY_ACTIVE_ARCH = YES;
				SDKROOT = iphoneos;
				SWIFT_ACTIVE_COMPILATION_CONDITIONS = "DEBUG $(inherited)";
				SWIFT_OPTIMIZATION_LEVEL = "-Onone";
			};
			name = Debug;
		};
		17A625312F1DF3440026A053 /* Release */ = {
			isa = XCBuildConfiguration;
			buildSettings = {
				ALWAYS_SEARCH_USER_PATHS = NO;
				ASSETCATALOG_COMPILER_GENERATE_SWIFT_ASSET_SYMBOL_EXTENSIONS = YES;
				CLANG_ANALYZER_NONNULL = YES;
				CLANG_ANALYZER_NUMBER_OBJECT_CONVERSION = YES_AGGRESSIVE;
				CLANG_CXX_LANGUAGE_STANDARD = "gnu++20";
				CLANG_ENABLE_MODULES = YES;
				CLANG_ENABLE_OBJC_ARC = YES;
				CLANG_ENABLE_OBJC_WEAK = YES;
				CLANG_WARN_BLOCK_CAPTURE_AUTORELEASING = YES;
				CLANG_WARN_BOOL_CONVERSION = YES;
				CLANG_WARN_COMMA = YES;
				CLANG_WARN_CONSTANT_CONVERSION = YES;
				CLANG_WARN_DEPRECATED_OBJC_IMPLEMENTATIONS = YES;
				CLANG_WARN_DIRECT_OBJC_ISA_USAGE = YES_ERROR;
				CLANG_WARN_DOCUMENTATION_COMMENTS = YES;
				CLANG_WARN_EMPTY_BODY = YES;
				CLANG_WARN_ENUM_CONVERSION = YES;
				CLANG_WARN_INFINITE_RECURSION = YES;
				CLANG_WARN_INT_CONVERSION = YES;
				CLANG_WARN_NON_LITERAL_NULL_CONVERSION = YES;
				CLANG_WARN_OBJC_IMPLICIT_RETAIN_SELF = YES;
				CLANG_WARN_OBJC_LITERAL_CONVERSION = YES;
				CLANG_WARN_OBJC_ROOT_CLASS = YES_ERROR;
				CLANG_WARN_QUOTED_INCLUDE_IN_FRAMEWORK_HEADER = YES;
				CLANG_WARN_RANGE_LOOP_ANALYSIS = YES;
				CLANG_WARN_STRICT_PROTOTYPES = YES;
				CLANG_WARN_SUSPICIOUS_MOVE = YES;
				CLANG_WARN_UNGUARDED_AVAILABILITY = YES_AGGRESSIVE;
				CLANG_WARN_UNREACHABLE_CODE = YES;
				CLANG_WARN__DUPLICATE_METHOD_MATCH = YES;
				COPY_PHASE_STRIP = NO;
				DEBUG_INFORMATION_FORMAT = "dwarf-with-dsym";
				ENABLE_NS_ASSERTIONS = NO;
				ENABLE_STRICT_OBJC_MSGSEND = YES;
				ENABLE_USER_SCRIPT_SANDBOXING = YES;
				GCC_C_LANGUAGE_STANDARD = gnu17;
				GCC_NO_COMMON_BLOCKS = YES;
				GCC_WARN_64_TO_32_BIT_CONVERSION = YES;
				GCC_WARN_ABOUT_RETURN_TYPE = YES_ERROR;
				GCC_WARN_UNDECLARED_SELECTOR = YES;
				GCC_WARN_UNINITIALIZED_AUTOS = YES_AGGRESSIVE;
				GCC_WARN_UNUSED_FUNCTION = YES;
				GCC_WARN_UNUSED_VARIABLE = YES;
				IPHONEOS_DEPLOYMENT_TARGET = 26.2;
				LOCALIZATION_PREFERS_STRING_CATALOGS = YES;
				MTL_ENABLE_DEBUG_INFO = NO;
				MTL_FAST_MATH = YES;
				SDKROOT = iphoneos;
				SWIFT_COMPILATION_MODE = wholemodule;
				VALIDATE_PRODUCT = YES;
			};
			name = Release;
		};
		17A625332F1DF3440026A053 /* Debug */ = {
			isa = XCBuildConfiguration;
			buildSettings = {
				ASSETCATALOG_COMPILER_APPICON_NAME = AppIcon;
				ASSETCATALOG_COMPILER_GLOBAL_ACCENT_COLOR_NAME = AccentColor;
				CODE_SIGN_IDENTITY = "Apple Development";
				CODE_SIGN_STYLE = Automatic;
				CURRENT_PROJECT_VERSION = 1;
				DEVELOPMENT_TEAM = "";
				ENABLE_PREVIEWS = YES;
				GENERATE_INFOPLIST_FILE = YES;
				INFOPLIST_FILE = "Glasscast---A-Minimal-Weather-App-Info.plist";
				INFOPLIST_KEY_UIApplicationSceneManifest_Generation = YES;
				INFOPLIST_KEY_UIApplicationSupportsIndirectInputEvents = YES;
				INFOPLIST_KEY_UILaunchScreen_Generation = YES;
				INFOPLIST_KEY_UISupportedInterfaceOrientations_iPad = "UIInterfaceOrientationPortrait UIInterfaceOrientationPortraitUpsideDown UIInterfaceOrientationLandscapeLeft UIInterfaceOrientationLandscapeRight";
				INFOPLIST_KEY_UISupportedInterfaceOrientations_iPhone = "UIInterfaceOrientationPortrait UIInterfaceOrientationLandscapeLeft UIInterfaceOrientationLandscapeRight";
				IPHONEOS_DEPLOYMENT_TARGET = 17.6;
				LD_RUNPATH_SEARCH_PATHS = (
					"$(inherited)",
					"@executable_path/Frameworks",
				);
				MARKETING_VERSION = 1.0;
				PRODUCT_BUNDLE_IDENTIFIER = com.Glasscast;
				PRODUCT_NAME = "$(TARGET_NAME)";
				PROVISIONING_PROFILE_SPECIFIER = "";
				STRING_CATALOG_GENERATE_SYMBOLS = YES;
				SWIFT_APPROACHABLE_CONCURRENCY = YES;
				SWIFT_DEFAULT_ACTOR_ISOLATION = MainActor;
				SWIFT_EMIT_LOC_STRINGS = YES;
				SWIFT_UPCOMING_FEATURE_MEMBER_IMPORT_VISIBILITY = YES;
				SWIFT_VERSION = 5.0;
				TARGETED_DEVICE_FAMILY = "1,2";
			};
			name = Debug;
		};
		17A625342F1DF3440026A053 /* Release */ = {
			isa = XCBuildConfiguration;
			buildSettings = {
				ASSETCATALOG_COMPILER_APPICON_NAME = AppIcon;
				ASSETCATALOG_COMPILER_GLOBAL_ACCENT_COLOR_NAME = AccentColor;
				CODE_SIGN_IDENTITY = "Apple Development";
				CODE_SIGN_STYLE = Automatic;
				CURRENT_PROJECT_VERSION = 1;
				DEVELOPMENT_TEAM = "";
				ENABLE_PREVIEWS = YES;
				GENERATE_INFOPLIST_FILE = YES;
				INFOPLIST_FILE = "Glasscast---A-Minimal-Weather-App-Info.plist";
				INFOPLIST_KEY_UIApplicationSceneManifest_Generation = YES;
				INFOPLIST_KEY_UIApplicationSupportsIndirectInputEvents = YES;
				INFOPLIST_KEY_UILaunchScreen_Generation = YES;
				INFOPLIST_KEY_UISupportedInterfaceOrientations_iPad = "UIInterfaceOrientationPortrait UIInterfaceOrientationPortraitUpsideDown UIInterfaceOrientationLandscapeLeft UIInterfaceOrientationLandscapeRight";
				INFOPLIST_KEY_UISupportedInterfaceOrientations_iPhone = "UIInterfaceOrientationPortrait UIInterfaceOrientationLandscapeLeft UIInterfaceOrientationLandscapeRight";
				IPHONEOS_DEPLOYMENT_TARGET = 17.6;
				LD_RUNPATH_SEARCH_PATHS = (
					"$(inherited)",
					"@executable_path/Frameworks",
				);
				MARKETING_VERSION = 1.0;
				PRODUCT_BUNDLE_IDENTIFIER = com.Glasscast;
				PRODUCT_NAME = "$(TARGET_NAME)";
				PROVISIONING_PROFILE_SPECIFIER = "";
				STRING_CATALOG_GENERATE_SYMBOLS = YES;
				SWIFT_APPROACHABLE_CONCURRENCY = YES;
				SWIFT_DEFAULT_ACTOR_ISOLATION = MainActor;
				SWIFT_EMIT_LOC_STRINGS = YES;
				SWIFT_UPCOMING_FEATURE_MEMBER_IMPORT_VISIBILITY = YES;
				SWIFT_VERSION = 5.0;
				TARGETED_DEVICE_FAMILY = "1,2";
			};
			name = Release;
		};
		17A625362F1DF3440026A053 /* Debug */ = {
			isa = XCBuildConfiguration;
			buildSettings = {
				BUNDLE_LOADER = "$(TEST_HOST)";
				CODE_SIGN_STYLE = Automatic;
				CURRENT_PROJECT_VERSION = 1;
				GENERATE_INFOPLIST_FILE = YES;
				IPHONEOS_DEPLOYMENT_TARGET = 26.2;
				MARKETING_VERSION = 1.0;
				PRODUCT_BUNDLE_IDENTIFIER = "com.Glasscast---A-Minimal-Weather-AppTests";
				PRODUCT_NAME = "$(TARGET_NAME)";
				STRING_CATALOG_GENERATE_SYMBOLS = NO;
				SWIFT_APPROACHABLE_CONCURRENCY = YES;
				SWIFT_EMIT_LOC_STRINGS = NO;
				SWIFT_UPCOMING_FEATURE_MEMBER_IMPORT_VISIBILITY = YES;
				SWIFT_VERSION = 5.0;
				TARGETED_DEVICE_FAMILY = "1,2";
				TEST_HOST = "$(BUILT_PRODUCTS_DIR)/Glasscast - A Minimal Weather App.app/$(BUNDLE_EXECUTABLE_FOLDER_PATH)/Glasscast - A Minimal Weather App";
			};
			name = Debug;
		};
		17A625372F1DF3440026A053 /* Release */ = {
			isa = XCBuildConfiguration;
			buildSettings = {
				BUNDLE_LOADER = "$(TEST_HOST)";
				CODE_SIGN_STYLE = Automatic;
				CURRENT_PROJECT_VERSION = 1;
				GENERATE_INFOPLIST_FILE = YES;
				IPHONEOS_DEPLOYMENT_TARGET = 26.2;
				MARKETING_VERSION = 1.0;
				PRODUCT_BUNDLE_IDENTIFIER = "com.Glasscast---A-Minimal-Weather-AppTests";
				PRODUCT_NAME = "$(TARGET_NAME)";
				STRING_CATALOG_GENERATE_SYMBOLS = NO;
				SWIFT_APPROACHABLE_CONCURRENCY = YES;
				SWIFT_EMIT_LOC_STRINGS = NO;
				SWIFT_UPCOMING_FEATURE_MEMBER_IMPORT_VISIBILITY = YES;
				SWIFT_VERSION = 5.0;
				TARGETED_DEVICE_FAMILY = "1,2";
				TEST_HOST = "$(BUILT_PRODUCTS_DIR)/Glasscast - A Minimal Weather App.app/$(BUNDLE_EXECUTABLE_FOLDER_PATH)/Glasscast - A Minimal Weather App";
			};
			name = Release;
		};
		17A625392F1DF3440026A053 /* Debug */ = {
			isa = XCBuildConfiguration;
			buildSettings = {
				CODE_SIGN_STYLE = Automatic;
				CURRENT_PROJECT_VERSION = 1;
				GENERATE_INFOPLIST_FILE = YES;
				MARKETING_VERSION = 1.0;
				PRODUCT_BUNDLE_IDENTIFIER = "com.Glasscast---A-Minimal-Weather-AppUITests";
				PRODUCT_NAME = "$(TARGET_NAME)";
				STRING_CATALOG_GENERATE_SYMBOLS = NO;
				SWIFT_APPROACHABLE_CONCURRENCY = YES;
				SWIFT_EMIT_LOC_STRINGS = NO;
				SWIFT_UPCOMING_FEATURE_MEMBER_IMPORT_VISIBILITY = YES;
				SWIFT_VERSION = 5.0;
				TARGETED_DEVICE_FAMILY = "1,2";
				TEST_TARGET_NAME = "Glasscast - A Minimal Weather App";
			};
			name = Debug;
		};
		17A6253A2F1DF3440026A053 /* Release */ = {
			isa = XCBuildConfiguration;
			buildSettings = {
				CODE_SIGN_STYLE = Automatic;
				CURRENT_PROJECT_VERSION = 1;
				GENERATE_INFOPLIST_FILE = YES;
				MARKETING_VERSION = 1.0;
				PRODUCT_BUNDLE_IDENTIFIER = "com.Glasscast---A-Minimal-Weather-AppUITests";
				PRODUCT_NAME = "$(TARGET_NAME)";
				STRING_CATALOG_GENERATE_SYMBOLS = NO;
				SWIFT_APPROACHABLE_CONCURRENCY = YES;
				SWIFT_EMIT_LOC_STRINGS = NO;
				SWIFT_UPCOMING_FEATURE_MEMBER_IMPORT_VISIBILITY = YES;
				SWIFT_VERSION = 5.0;
				TARGETED_DEVICE_FAMILY = "1,2";
				TEST_TARGET_NAME = "Glasscast - A Minimal Weather App";
			};
			name = Release;
		};
/* End XCBuildConfiguration section */

/* Begin XCConfigurationList section */
		17345DB72F1E319D00C8AC56 /* Build configuration list for PBXNativeTarget "GlasscastWidgetExtension" */ = {
			isa = XCConfigurationList;
			buildConfigurations = (
				17345DB82F1E319D00C8AC56 /* Debug */,
				17345DB92F1E319D00C8AC56 /* Release */,
			);
			defaultConfigurationIsVisible = 0;
			defaultConfigurationName = Release;
		};
		17A6250C2F1DF3420026A053 /* Build configuration list for PBXProject "Glasscast - A Minimal Weather App" */ = {
			isa = XCConfigurationList;
			buildConfigurations = (
				17A625302F1DF3440026A053 /* Debug */,
				17A625312F1DF3440026A053 /* Release */,
			);
			defaultConfigurationIsVisible = 0;
			defaultConfigurationName = Release;
		};
		17A625322F1DF3440026A053 /* Build configuration list for PBXNativeTarget "Glasscast - A Minimal Weather App" */ = {
			isa = XCConfigurationList;
			buildConfigurations = (
				17A625332F1DF3440026A053 /* Debug */,
				17A625342F1DF3440026A053 /* Release */,
			);
			defaultConfigurationIsVisible = 0;
			defaultConfigurationName = Release;
		};
		17A625352F1DF3440026A053 /* Build configuration list for PBXNativeTarget "Glasscast - A Minimal Weather AppTests" */ = {
			isa = XCConfigurationList;
			buildConfigurations = (
				17A625362F1DF3440026A053 /* Debug */,
				17A625372F1DF3440026A053 /* Release */,
			);
			defaultConfigurationIsVisible = 0;
			defaultConfigurationName = Release;
		};
		17A625382F1DF3440026A053 /* Build configuration list for PBXNativeTarget "Glasscast - A Minimal Weather AppUITests" */ = {
			isa = XCConfigurationList;
			buildConfigurations = (
				17A625392F1DF3440026A053 /* Debug */,
				17A6253A2F1DF3440026A053 /* Release */,
			);
			defaultConfigurationIsVisible = 0;
			defaultConfigurationName = Release;
		};
/* End XCConfigurationList section */

/* Begin XCRemoteSwiftPackageReference section */
		17A6255B2F1DF7CA0026A053 /* XCRemoteSwiftPackageReference "supabase-swift" */ = {
			isa = XCRemoteSwiftPackageReference;
			repositoryURL = "https://github.com/supabase/supabase-swift";
			requirement = {
				kind = upToNextMajorVersion;
				minimumVersion = 2.5.1;
			};
		};
/* End XCRemoteSwiftPackageReference section */

/* Begin XCSwiftPackageProductDependency section */
		17A6255C2F1DF7CA0026A053 /* Auth */ = {
			isa = XCSwiftPackageProductDependency;
			package = 17A6255B2F1DF7CA0026A053 /* XCRemoteSwiftPackageReference "supabase-swift" */;
			productName = Auth;
		};
		17A6255E2F1DF7CA0026A053 /* Functions */ = {
			isa = XCSwiftPackageProductDependency;
			package = 17A6255B2F1DF7CA0026A053 /* XCRemoteSwiftPackageReference "supabase-swift" */;
			productName = Functions;
		};
		17A625602F1DF7CA0026A053 /* PostgREST */ = {
			isa = XCSwiftPackageProductDependency;
			package = 17A6255B2F1DF7CA0026A053 /* XCRemoteSwiftPackageReference "supabase-swift" */;
			productName = PostgREST;
		};
		17A625622F1DF7CA0026A053 /* Realtime */ = {
			isa = XCSwiftPackageProductDependency;
			package = 17A6255B2F1DF7CA0026A053 /* XCRemoteSwiftPackageReference "supabase-swift" */;
			productName = Realtime;
		};
		17A625642F1DF7CA0026A053 /* Storage */ = {
			isa = XCSwiftPackageProductDependency;
			package = 17A6255B2F1DF7CA0026A053 /* XCRemoteSwiftPackageReference "supabase-swift" */;
			productName = Storage;
		};
		17A625662F1DF7CA0026A053 /* Supabase */ = {
			isa = XCSwiftPackageProductDependency;
			package = 17A6255B2F1DF7CA0026A053 /* XCRemoteSwiftPackageReference "supabase-swift" */;
			productName = Supabase;
		};
/* End XCSwiftPackageProductDependency section */
	};
	rootObject = 17A625092F1DF3420026A053 /* Project object */;
}
